{
  "requires": true,
  "lockfileVersion": 1,
  "dependencies": {
    "downloadjs": {
      "version": "1.4.7",
      "resolved": "https://registry.npmjs.org/downloadjs/-/downloadjs-1.4.7.tgz",
      "integrity": "sha1-9p+W+UDg0FU9rCkROYZaPNAQHjw="
    },
    "vue-json-to-excel": {
      "version": "0.0.8",
      "resolved": "https://registry.npmjs.org/vue-json-to-excel/-/vue-json-to-excel-0.0.8.tgz",
      "integrity": "sha512-SJrynJtivdUlQsWTmuK8tDkZ5Dlihl1VVySuLv5iS8MQsZAaSaqcaXRT4OOWMw7d+fIBElv2ZywkRNpD/b77Bg==",
      "requires": {
        "downloadjs": "1.4.7"
      }
    }
  }
}
